
Microsoft Visual Studio Solution File, Format Version 12.00
# Visual Studio Version 17
VisualStudioVersion = 17.7.34221.43
MinimumVisualStudioVersion = 10.0.40219.1
Project("{FAE04EC0-301F-11D3-BF4B-00C04F79EFBC}") = "at yarışı oyunu", "at yarışı oyunu\at yarışı oyunu.csproj", "{BC723F02-715C-40ED-AF84-FADE92DA1439}"
EndProject
Global
	GlobalSection(SolutionConfigurationPlatforms) = preSolution
		Debug|Any CPU = Debug|Any CPU
		Release|Any CPU = Release|Any CPU
	EndGlobalSection
	GlobalSection(ProjectConfigurationPlatforms) = postSolution
		{BC723F02-715C-40ED-AF84-FADE92DA1439}.Debug|Any CPU.ActiveCfg = Debug|Any CPU
		{BC723F02-715C-40ED-AF84-FADE92DA1439}.Debug|Any CPU.Build.0 = Debug|Any CPU
		{BC723F02-715C-40ED-AF84-FADE92DA1439}.Release|Any CPU.ActiveCfg = Release|Any CPU
		{BC723F02-715C-40ED-AF84-FADE92DA1439}.Release|Any CPU.Build.0 = Release|Any CPU
	EndGlobalSection
	GlobalSection(SolutionProperties) = preSolution
		HideSolutionNode = FALSE
	EndGlobalSection
	GlobalSection(ExtensibilityGlobals) = postSolution
		SolutionGuid = {4BAD26B6-0763-4CDD-BBC4-355677D2251C}
	EndGlobalSection
EndGlobal
